
Microsoft Visual Studio Solution File, Format Version 12.00
# Visual Studio Version 16
VisualStudioVersion = 16.0.30310.162
MinimumVisualStudioVersion = 10.0.40219.1
Project("{FAE04EC0-301F-11D3-BF4B-00C04F79EFBC}") = "GetQiitaLTGMList", "GetQiitaLTGMList\GetQiitaLTGMList.csproj", "{D26CCBD5-792D-4739-92A1-F8423096AAA5}"
EndProject
Global
	GlobalSection(SolutionConfigurationPlatforms) = preSolution
		Debug|Any CPU = Debug|Any CPU
		Release|Any CPU = Release|Any CPU
	EndGlobalSection
	GlobalSection(ProjectConfigurationPlatforms) = postSolution
		{D26CCBD5-792D-4739-92A1-F8423096AAA5}.Debug|Any CPU.ActiveCfg = Debug|Any CPU
		{D26CCBD5-792D-4739-92A1-F8423096AAA5}.Debug|Any CPU.Build.0 = Debug|Any CPU
		{D26CCBD5-792D-4739-92A1-F8423096AAA5}.Release|Any CPU.ActiveCfg = Release|Any CPU
		{D26CCBD5-792D-4739-92A1-F8423096AAA5}.Release|Any CPU.Build.0 = Release|Any CPU
	EndGlobalSection
	GlobalSection(SolutionProperties) = preSolution
		HideSolutionNode = FALSE
	EndGlobalSection
	GlobalSection(ExtensibilityGlobals) = postSolution
		SolutionGuid = {5C19D5B4-EF03-446E-ADA1-9F281C8BD4F7}
	EndGlobalSection
EndGlobal
